<?xml version="1.0" encoding="utf-8"?>
<Project ToolsVersion="4.0" xmlns="http://schemas.microsoft.com/developer/msbuild/2003">
  <ItemGroup>
    <ClCompile Include="src\Main.cpp" />
    <ClCompile Include="src\Time.cpp" />
    <ClCompile Include="src\Timer.cpp" />
    <ClCompile Include="src\Utility.cpp" />
    <ClCompile Include="Math\Matrix.cpp" />
    <ClCompile Include="src\String.cpp" />
    <ClCompile Include="src\Settings.cpp" />
    <ClCompile Include="src\Logger.cpp" />
    <ClCompile Include="Math\Math.cpp">
      <Filter>Math</Filter>
    </ClCompile>
    <ClCompile Include="Math\Vector.cpp">
      <Filter>Math</Filter>
    </ClCompile>
    <ClCompile Include="Math\Vector2.cpp">
      <Filter>Math</Filter>
    </ClCompile>
    <ClCompile Include="Math\Vector3.cpp">
      <Filter>Math</Filter>
    </ClCompile>
    <ClCompile Include="Math\Vector4.cpp">
      <Filter>Math</Filter>
    </ClCompile>
    <ClCompile Include="Math\Quaternion.cpp">
      <Filter>Math</Filter>
    </ClCompile>
    <ClCompile Include="src\Transform.cpp" />
    <ClCompile Include="src\Rigidbody.cpp" />
    <ClCompile Include="src\Component.cpp" />
    <ClCompile Include="src\ResourceManager.cpp" />
    <ClCompile Include="Graphics\IndexBuffer.cpp">
      <Filter>Graphics</Filter>
    </ClCompile>
    <ClCompile Include="Graphics\VertexArray.cpp">
      <Filter>Graphics</Filter>
    </ClCompile>
    <ClCompile Include="Graphics\VertexBuffer.cpp">
      <Filter>Graphics</Filter>
    </ClCompile>
    <ClCompile Include="Graphics\VertexBufferLayout.cpp">
      <Filter>Graphics</Filter>
    </ClCompile>
    <ClCompile Include="Graphics\Renderer.cpp" />
    <ClCompile Include="Graphics\Shader.cpp">
      <Filter>Graphics</Filter>
    </ClCompile>
    <ClCompile Include="Graphics\Texture.cpp">
      <Filter>Graphics</Filter>
    </ClCompile>
    <ClCompile Include="Graphics\UniformBuffer.cpp" />
    <ClCompile Include="Graphics\Material.cpp" />
    <ClCompile Include="Graphics\Model.cpp">
      <Filter>Graphics</Filter>
    </ClCompile>
    <ClCompile Include="src\Object.cpp" />
    <ClCompile Include="src\GUID.cpp" />
  </ItemGroup>
  <ItemGroup>
    <ClInclude Include="src\Systemdefs.h" />
    <ClInclude Include="src\Time.h" />
    <ClInclude Include="src\Timer.h" />
    <ClInclude Include="src\Utility.h" />
    <ClInclude Include="src\vendor\stb_image\stb_image.cpp" />
    <ClInclude Include="src\vendor\stb_image\stb_image.h" />
    <ClInclude Include="src\String.h" />
    <ClInclude Include="src\Settings.h" />
    <ClInclude Include="src\Logger.h" />
    <ClInclude Include="Math\Math.h">
      <Filter>Math</Filter>
    </ClInclude>
    <ClInclude Include="Math\Vector.h">
      <Filter>Math</Filter>
    </ClInclude>
    <ClInclude Include="Math\Vector2.h">
      <Filter>Math</Filter>
    </ClInclude>
    <ClInclude Include="Math\Vector3.h">
      <Filter>Math</Filter>
    </ClInclude>
    <ClInclude Include="Math\Vector4.h">
      <Filter>Math</Filter>
    </ClInclude>
    <ClInclude Include="Math\Matrix.h">
      <Filter>Math</Filter>
    </ClInclude>
    <ClInclude Include="Math\Quaternion.h">
      <Filter>Math</Filter>
    </ClInclude>
    <ClInclude Include="src\Transform.h" />
    <ClInclude Include="src\Rigidbody.h" />
    <ClInclude Include="src\Component.h" />
    <ClInclude Include="src\ResourceManager.h" />
    <ClInclude Include="Graphics\IndexBuffer.h">
      <Filter>Graphics</Filter>
    </ClInclude>
    <ClInclude Include="Graphics\VertexArray.h">
      <Filter>Graphics</Filter>
    </ClInclude>
    <ClInclude Include="Graphics\VertexBuffer.h">
      <Filter>Graphics</Filter>
    </ClInclude>
    <ClInclude Include="Graphics\VertexBufferLayout.h">
      <Filter>Graphics</Filter>
    </ClInclude>
    <ClInclude Include="Graphics\Renderer.h" />
    <ClInclude Include="Graphics\Shader.h">
      <Filter>Graphics</Filter>
    </ClInclude>
    <ClInclude Include="Graphics\Texture.h">
      <Filter>Graphics</Filter>
    </ClInclude>
    <ClInclude Include="Graphics\UniformBuffer.h" />
    <ClInclude Include="Graphics\Material.h" />
    <ClInclude Include="Graphics\Model.h">
      <Filter>Graphics</Filter>
    </ClInclude>
    <ClInclude Include="src\Object.h" />
    <ClInclude Include="src\GUID.h" />
  </ItemGroup>
  <ItemGroup>
    <ResourceCompile Include="rsc\resource.rc" />
  </ItemGroup>
  <ItemGroup>
    <Filter Include="Math">
      <UniqueIdentifier>{05c60ce5-e122-4d35-930e-3d4165975a32}</UniqueIdentifier>
    </Filter>
    <Filter Include="Graphics">
      <UniqueIdentifier>{6aed8ac2-c1a2-4eba-ae83-7aabd26a531f}</UniqueIdentifier>
    </Filter>
  </ItemGroup>
</Project>